
Microsoft Visual Studio Solution File, Format Version 12.00
# Visual Studio 15
VisualStudioVersion = 15.0.27130.2003
MinimumVisualStudioVersion = 10.0.40219.1
Project("{9A19103F-16F7-4668-BE54-9A1E7A4F7556}") = "GuildWars2.NET", "src\GuildWars2.NET\GuildWars2.NET.csproj", "{3CF402B7-9F92-497A-BEE5-50DCF2CA93F0}"
EndProject
Project("{9A19103F-16F7-4668-BE54-9A1E7A4F7556}") = "GuildWars2.NET.TestClient", "src\GuildWars2.NET.TestClient\GuildWars2.NET.TestClient.csproj", "{05670A6C-50B2-44EA-9884-31D8E4D6D00A}"
EndProject
Project("{FAE04EC0-301F-11D3-BF4B-00C04F79EFBC}") = "GuildWars2.NET.Test", "test\GuildWars2.NET.Test\GuildWars2.NET.Test.csproj", "{4C10214E-E4E6-43F5-9BF4-E3D05F0B987B}"
EndProject
Global
	GlobalSection(SolutionConfigurationPlatforms) = preSolution
		Debug|Any CPU = Debug|Any CPU
		Release|Any CPU = Release|Any CPU
	EndGlobalSection
	GlobalSection(ProjectConfigurationPlatforms) = postSolution
		{3CF402B7-9F92-497A-BEE5-50DCF2CA93F0}.Debug|Any CPU.ActiveCfg = Debug|Any CPU
		{3CF402B7-9F92-497A-BEE5-50DCF2CA93F0}.Debug|Any CPU.Build.0 = Debug|Any CPU
		{3CF402B7-9F92-497A-BEE5-50DCF2CA93F0}.Release|Any CPU.ActiveCfg = Release|Any CPU
		{3CF402B7-9F92-497A-BEE5-50DCF2CA93F0}.Release|Any CPU.Build.0 = Release|Any CPU
		{05670A6C-50B2-44EA-9884-31D8E4D6D00A}.Debug|Any CPU.ActiveCfg = Debug|Any CPU
		{05670A6C-50B2-44EA-9884-31D8E4D6D00A}.Debug|Any CPU.Build.0 = Debug|Any CPU
		{05670A6C-50B2-44EA-9884-31D8E4D6D00A}.Release|Any CPU.ActiveCfg = Release|Any CPU
		{05670A6C-50B2-44EA-9884-31D8E4D6D00A}.Release|Any CPU.Build.0 = Release|Any CPU
		{4C10214E-E4E6-43F5-9BF4-E3D05F0B987B}.Debug|Any CPU.ActiveCfg = Debug|Any CPU
		{4C10214E-E4E6-43F5-9BF4-E3D05F0B987B}.Debug|Any CPU.Build.0 = Debug|Any CPU
		{4C10214E-E4E6-43F5-9BF4-E3D05F0B987B}.Release|Any CPU.ActiveCfg = Release|Any CPU
		{4C10214E-E4E6-43F5-9BF4-E3D05F0B987B}.Release|Any CPU.Build.0 = Release|Any CPU
	EndGlobalSection
	GlobalSection(SolutionProperties) = preSolution
		HideSolutionNode = FALSE
	EndGlobalSection
	GlobalSection(ExtensibilityGlobals) = postSolution
		SolutionGuid = {846B2BB9-2D24-41C6-BA3E-95DF4618B55A}
	EndGlobalSection
EndGlobal
